
Microsoft Visual Studio Solution File, Format Version 12.00
# Visual Studio 2017
Project("{FAE04EC0-301F-11D3-BF4B-00C04F79EFBC}") = "SurviVrPrivate", "SurviVrPrivate.csproj", "{08A6EA2A-CF9E-60D1-148D-A169EDE5CDEF}"
EndProject
Project("{FAE04EC0-301F-11D3-BF4B-00C04F79EFBC}") = "SurviVrPrivate.Editor", "SurviVrPrivate.Editor.csproj", "{05A2973B-5AF9-F2DA-3B14-A8034C777ADE}"
EndProject
Global
	GlobalSection(SolutionConfigurationPlatforms) = preSolution
		Debug|Any CPU = Debug|Any CPU
		Release|Any CPU = Release|Any CPU
	EndGlobalSection
	GlobalSection(ProjectConfigurationPlatforms) = postSolution
		{08A6EA2A-CF9E-60D1-148D-A169EDE5CDEF}.Debug|Any CPU.ActiveCfg = Debug|Any CPU
		{08A6EA2A-CF9E-60D1-148D-A169EDE5CDEF}.Debug|Any CPU.Build.0 = Debug|Any CPU
		{08A6EA2A-CF9E-60D1-148D-A169EDE5CDEF}.Release|Any CPU.ActiveCfg = Release|Any CPU
		{08A6EA2A-CF9E-60D1-148D-A169EDE5CDEF}.Release|Any CPU.Build.0 = Release|Any CPU
		{05A2973B-5AF9-F2DA-3B14-A8034C777ADE}.Debug|Any CPU.ActiveCfg = Debug|Any CPU
		{05A2973B-5AF9-F2DA-3B14-A8034C777ADE}.Debug|Any CPU.Build.0 = Debug|Any CPU
		{05A2973B-5AF9-F2DA-3B14-A8034C777ADE}.Release|Any CPU.ActiveCfg = Release|Any CPU
		{05A2973B-5AF9-F2DA-3B14-A8034C777ADE}.Release|Any CPU.Build.0 = Release|Any CPU
	EndGlobalSection
	GlobalSection(SolutionProperties) = preSolution
		HideSolutionNode = FALSE
	EndGlobalSection
EndGlobal
